
Microsoft Visual Studio Solution File, Format Version 12.00
# Visual Studio Version 17
VisualStudioVersion = 17.11.35303.130
MinimumVisualStudioVersion = 10.0.40219.1
Project("{888888A0-9F3D-457C-B088-3A5042F75D52}") = "SeniorDesignLab3", "SeniorDesignLab3.pyproj", "{C6F3FC6A-011A-4BD1-86FE-D24FD5FB58A3}"
EndProject
Global
	GlobalSection(SolutionConfigurationPlatforms) = preSolution
		Debug|Any CPU = Debug|Any CPU
		Release|Any CPU = Release|Any CPU
	EndGlobalSection
	GlobalSection(ProjectConfigurationPlatforms) = postSolution
		{C6F3FC6A-011A-4BD1-86FE-D24FD5FB58A3}.Debug|Any CPU.ActiveCfg = Debug|Any CPU
		{C6F3FC6A-011A-4BD1-86FE-D24FD5FB58A3}.Debug|Any CPU.Build.0 = Debug|Any CPU
		{C6F3FC6A-011A-4BD1-86FE-D24FD5FB58A3}.Release|Any CPU.ActiveCfg = Release|Any CPU
		{C6F3FC6A-011A-4BD1-86FE-D24FD5FB58A3}.Release|Any CPU.Build.0 = Release|Any CPU
	EndGlobalSection
	GlobalSection(SolutionProperties) = preSolution
		HideSolutionNode = FALSE
	EndGlobalSection
	GlobalSection(ExtensibilityGlobals) = postSolution
		SolutionGuid = {AE3DE56F-7379-4170-A583-114FAEF10A2F}
	EndGlobalSection
EndGlobal
